// !$*UTF8*$!
{
	archiveVersion = 1;
	classes = {
	};
	objectVersion = 46;
	objects = {

/* Begin PBXBuildFile section */
		77AC0B19731FCA36349932BE /* libPods.a in Frameworks */ = {isa = PBXBuildFile; fileRef = 0DADF2C62F3388AC31EA47B5 /* libPods.a */; };
		9604FD4E1BFB3FBE007A6E2A /* main.m in Sources */ = {isa = PBXBuildFile; fileRef = 9604FD4D1BFB3FBE007A6E2A /* main.m */; };
		9604FD511BFB3FBE007A6E2A /* AppDelegate.m in Sources */ = {isa = PBXBuildFile; fileRef = 9604FD501BFB3FBE007A6E2A /* AppDelegate.m */; };
		9604FD541BFB3FBE007A6E2A /* ViewController.m in Sources */ = {isa = PBXBuildFile; fileRef = 9604FD531BFB3FBE007A6E2A /* ViewController.m */; };
		9604FD571BFB3FBE007A6E2A /* Main.storyboard in Resources */ = {isa = PBXBuildFile; fileRef = 9604FD551BFB3FBE007A6E2A /* Main.storyboard */; };
		9604FD591BFB3FBE007A6E2A /* Assets.xcassets in Resources */ = {isa = PBXBuildFile; fileRef = 9604FD581BFB3FBE007A6E2A /* Assets.xcassets */; };
		9604FD5C1BFB3FBE007A6E2A /* LaunchScreen.storyboard in Resources */ = {isa = PBXBuildFile; fileRef = 9604FD5A1BFB3FBE007A6E2A /* LaunchScreen.storyboard */; };
		9604FD661BFB4006007A6E2A /* JDPopupWindow.m in Sources */ = {isa = PBXBuildFile; fileRef = 9604FD651BFB4006007A6E2A /* JDPopupWindow.m */; };
		9604FD691BFB4330007A6E2A /* JDPopupCategory.m in Sources */ = {isa = PBXBuildFile; fileRef = 9604FD681BFB4330007A6E2A /* JDPopupCategory.m */; };
		9682E8E91BFC8A8D00D4DC84 /* JDPopupView.m in Sources */ = {isa = PBXBuildFile; fileRef = 9682E8E81BFC8A8D00D4DC84 /* JDPopupView.m */; };
		9698CD2C1BFDA369002FC079 /* JDPopupItem.m in Sources */ = {isa = PBXBuildFile; fileRef = 9698CD2B1BFDA369002FC079 /* JDPopupItem.m */; };
		9698CD2F1BFDA4CA002FC079 /* JDAlertView.m in Sources */ = {isa = PBXBuildFile; fileRef = 9698CD2E1BFDA4CA002FC079 /* JDAlertView.m */; };
		9698CD351BFDD72E002FC079 /* JDSheetView.m in Sources */ = {isa = PBXBuildFile; fileRef = 9698CD341BFDD72E002FC079 /* JDSheetView.m */; };
		96A916AC1BFF124D002C38CC /* JDTYAlertView.m in Sources */ = {isa = PBXBuildFile; fileRef = 96A916AB1BFF124D002C38CC /* JDTYAlertView.m */; };
/* End PBXBuildFile section */

/* Begin PBXFileReference section */
		0DADF2C62F3388AC31EA47B5 /* libPods.a */ = {isa = PBXFileReference; explicitFileType = archive.ar; includeInIndex = 0; path = libPods.a; sourceTree = BUILT_PRODUCTS_DIR; };
		653070E67D96AF6CF339C8B7 /* Pods.release.xcconfig */ = {isa = PBXFileReference; includeInIndex = 1; lastKnownFileType = text.xcconfig; name = Pods.release.xcconfig; path = "Pods/Target Support Files/Pods/Pods.release.xcconfig"; sourceTree = "<group>"; };
		9604FD491BFB3FBE007A6E2A /* JDPopupView.app */ = {isa = PBXFileReference; explicitFileType = wrapper.application; includeInIndex = 0; path = JDPopupView.app; sourceTree = BUILT_PRODUCTS_DIR; };
		9604FD4D1BFB3FBE007A6E2A /* main.m */ = {isa = PBXFileReference; lastKnownFileType = sourcecode.c.objc; path = main.m; sourceTree = "<group>"; };
		9604FD4F1BFB3FBE007A6E2A /* AppDelegate.h */ = {isa = PBXFileReference; lastKnownFileType = sourcecode.c.h; path = AppDelegate.h; sourceTree = "<group>"; };
		9604FD501BFB3FBE007A6E2A /* AppDelegate.m */ = {isa = PBXFileReference; lastKnownFileType = sourcecode.c.objc; path = AppDelegate.m; sourceTree = "<group>"; };
		9604FD521BFB3FBE007A6E2A /* ViewController.h */ = {isa = PBXFileReference; lastKnownFileType = sourcecode.c.h; path = ViewController.h; sourceTree = "<group>"; };
		9604FD531BFB3FBE007A6E2A /* ViewController.m */ = {isa = PBXFileReference; lastKnownFileType = sourcecode.c.objc; path = ViewController.m; sourceTree = "<group>"; };
		9604FD561BFB3FBE007A6E2A /* Base */ = {isa = PBXFileReference; lastKnownFileType = file.storyboard; name = Base; path = Base.lproj/Main.storyboard; sourceTree = "<group>"; };
		9604FD581BFB3FBE007A6E2A /* Assets.xcassets */ = {isa = PBXFileReference; lastKnownFileType = folder.assetcatalog; path = Assets.xcassets; sourceTree = "<group>"; };
		9604FD5B1BFB3FBE007A6E2A /* Base */ = {isa = PBXFileReference; lastKnownFileType = file.storyboard; name = Base; path = Base.lproj/LaunchScreen.storyboard; sourceTree = "<group>"; };
		9604FD5D1BFB3FBE007A6E2A /* Info.plist */ = {isa = PBXFileReference; lastKnownFileType = text.plist.xml; path = Info.plist; sourceTree = "<group>"; };
		9604FD641BFB4006007A6E2A /* JDPopupWindow.h */ = {isa = PBXFileReference; fileEncoding = 4; lastKnownFileType = sourcecode.c.h; path = JDPopupWindow.h; sourceTree = "<group>"; };
		9604FD651BFB4006007A6E2A /* JDPopupWindow.m */ = {isa = PBXFileReference; fileEncoding = 4; lastKnownFileType = sourcecode.c.objc; path = JDPopupWindow.m; sourceTree = "<group>"; };
		9604FD671BFB4330007A6E2A /* JDPopupCategory.h */ = {isa = PBXFileReference; fileEncoding = 4; lastKnownFileType = sourcecode.c.h; path = JDPopupCategory.h; sourceTree = "<group>"; };
		9604FD681BFB4330007A6E2A /* JDPopupCategory.m */ = {isa = PBXFileReference; fileEncoding = 4; lastKnownFileType = sourcecode.c.objc; path = JDPopupCategory.m; sourceTree = "<group>"; };
		9604FD6A1BFB5722007A6E2A /* JDPopupDefine.h */ = {isa = PBXFileReference; lastKnownFileType = sourcecode.c.h; path = JDPopupDefine.h; sourceTree = "<group>"; };
		967CDE3A98510225F8009203 /* Pods.debug.xcconfig */ = {isa = PBXFileReference; includeInIndex = 1; lastKnownFileType = text.xcconfig; name = Pods.debug.xcconfig; path = "Pods/Target Support Files/Pods/Pods.debug.xcconfig"; sourceTree = "<group>"; };
		9682E8E71BFC8A8D00D4DC84 /* JDPopupView.h */ = {isa = PBXFileReference; fileEncoding = 4; lastKnownFileType = sourcecode.c.h; path = JDPopupView.h; sourceTree = "<group>"; };
		9682E8E81BFC8A8D00D4DC84 /* JDPopupView.m */ = {isa = PBXFileReference; fileEncoding = 4; lastKnownFileType = sourcecode.c.objc; path = JDPopupView.m; sourceTree = "<group>"; };
		9698CD2A1BFDA369002FC079 /* JDPopupItem.h */ = {isa = PBXFileReference; fileEncoding = 4; lastKnownFileType = sourcecode.c.h; path = JDPopupItem.h; sourceTree = "<group>"; };
		9698CD2B1BFDA369002FC079 /* JDPopupItem.m */ = {isa = PBXFileReference; fileEncoding = 4; lastKnownFileType = sourcecode.c.objc; path = JDPopupItem.m; sourceTree = "<group>"; };
		9698CD2D1BFDA4CA002FC079 /* JDAlertView.h */ = {isa = PBXFileReference; fileEncoding = 4; lastKnownFileType = sourcecode.c.h; path = JDAlertView.h; sourceTree = "<group>"; };
		9698CD2E1BFDA4CA002FC079 /* JDAlertView.m */ = {isa = PBXFileReference; fileEncoding = 4; lastKnownFileType = sourcecode.c.objc; path = JDAlertView.m; sourceTree = "<group>"; };
		9698CD331BFDD72E002FC079 /* JDSheetView.h */ = {isa = PBXFileReference; fileEncoding = 4; lastKnownFileType = sourcecode.c.h; path = JDSheetView.h; sourceTree = "<group>"; };
		9698CD341BFDD72E002FC079 /* JDSheetView.m */ = {isa = PBXFileReference; fileEncoding = 4; lastKnownFileType = sourcecode.c.objc; path = JDSheetView.m; sourceTree = "<group>"; };
		96A916AA1BFF124D002C38CC /* JDTYAlertView.h */ = {isa = PBXFileReference; fileEncoding = 4; lastKnownFileType = sourcecode.c.h; path = JDTYAlertView.h; sourceTree = "<group>"; };
		96A916AB1BFF124D002C38CC /* JDTYAlertView.m */ = {isa = PBXFileReference; fileEncoding = 4; lastKnownFileType = sourcecode.c.objc; path = JDTYAlertView.m; sourceTree = "<group>"; };
/* End PBXFileReference section */

/* Begin PBXFrameworksBuildPhase section */
		9604FD461BFB3FBE007A6E2A /* Frameworks */ = {
			isa = PBXFrameworksBuildPhase;
			buildActionMask = 2147483647;
			files = (
				77AC0B19731FCA36349932BE /* libPods.a in Frameworks */,
			);
			runOnlyForDeploymentPostprocessing = 0;
		};
/* End PBXFrameworksBuildPhase section */

/* Begin PBXGroup section */
		9604FD401BFB3FBE007A6E2A = {
			isa = PBXGroup;
			children = (
				9604FD4B1BFB3FBE007A6E2A /* JDPopupView */,
				9604FD4A1BFB3FBE007A6E2A /* Products */,
				A90406C63B6CCBA10DDA8219 /* Pods */,
				A8B29A5825429D7850D55035 /* Frameworks */,
			);
			sourceTree = "<group>";
		};
		9604FD4A1BFB3FBE007A6E2A /* Products */ = {
			isa = PBXGroup;
			children = (
				9604FD491BFB3FBE007A6E2A /* JDPopupView.app */,
			);
			name = Products;
			sourceTree = "<group>";
		};
		9604FD4B1BFB3FBE007A6E2A /* JDPopupView */ = {
			isa = PBXGroup;
			children = (
				9604FD631BFB3FD9007A6E2A /* Classes */,
				9604FD4F1BFB3FBE007A6E2A /* AppDelegate.h */,
				9604FD501BFB3FBE007A6E2A /* AppDelegate.m */,
				9604FD521BFB3FBE007A6E2A /* ViewController.h */,
				9604FD531BFB3FBE007A6E2A /* ViewController.m */,
				9604FD551BFB3FBE007A6E2A /* Main.storyboard */,
				9604FD581BFB3FBE007A6E2A /* Assets.xcassets */,
				9604FD5A1BFB3FBE007A6E2A /* LaunchScreen.storyboard */,
				9604FD5D1BFB3FBE007A6E2A /* Info.plist */,
				9604FD4C1BFB3FBE007A6E2A /* Supporting Files */,
			);
			path = JDPopupView;
			sourceTree = "<group>";
		};
		9604FD4C1BFB3FBE007A6E2A /* Supporting Files */ = {
			isa = PBXGroup;
			children = (
				9604FD4D1BFB3FBE007A6E2A /* main.m */,
			);
			name = "Supporting Files";
			sourceTree = "<group>";
		};
		9604FD631BFB3FD9007A6E2A /* Classes */ = {
			isa = PBXGroup;
			children = (
				9604FD641BFB4006007A6E2A /* JDPopupWindow.h */,
				9604FD651BFB4006007A6E2A /* JDPopupWindow.m */,
				9604FD671BFB4330007A6E2A /* JDPopupCategory.h */,
				9604FD681BFB4330007A6E2A /* JDPopupCategory.m */,
				9604FD6A1BFB5722007A6E2A /* JDPopupDefine.h */,
				9682E8E71BFC8A8D00D4DC84 /* JDPopupView.h */,
				9682E8E81BFC8A8D00D4DC84 /* JDPopupView.m */,
				9698CD2A1BFDA369002FC079 /* JDPopupItem.h */,
				9698CD2B1BFDA369002FC079 /* JDPopupItem.m */,
				9698CD2D1BFDA4CA002FC079 /* JDAlertView.h */,
				9698CD2E1BFDA4CA002FC079 /* JDAlertView.m */,
				9698CD331BFDD72E002FC079 /* JDSheetView.h */,
				9698CD341BFDD72E002FC079 /* JDSheetView.m */,
				96A916AA1BFF124D002C38CC /* JDTYAlertView.h */,
				96A916AB1BFF124D002C38CC /* JDTYAlertView.m */,
			);
			path = Classes;
			sourceTree = SOURCE_ROOT;
		};
		A8B29A5825429D7850D55035 /* Frameworks */ = {
			isa = PBXGroup;
			children = (
				0DADF2C62F3388AC31EA47B5 /* libPods.a */,
			);
			name = Frameworks;
			sourceTree = "<group>";
		};
		A90406C63B6CCBA10DDA8219 /* Pods */ = {
			isa = PBXGroup;
			children = (
				967CDE3A98510225F8009203 /* Pods.debug.xcconfig */,
				653070E67D96AF6CF339C8B7 /* Pods.release.xcconfig */,
			);
			name = Pods;
			sourceTree = "<group>";
		};
/* End PBXGroup section */

/* Begin PBXNativeTarget section */
		9604FD481BFB3FBE007A6E2A /* JDPopupView */ = {
			isa = PBXNativeTarget;
			buildConfigurationList = 9604FD601BFB3FBE007A6E2A /* Build configuration list for PBXNativeTarget "JDPopupView" */;
			buildPhases = (
				8CFB18D8760BB490095E22A2 /* Check Pods Manifest.lock */,
				9604FD451BFB3FBE007A6E2A /* Sources */,
				9604FD461BFB3FBE007A6E2A /* Frameworks */,
				9604FD471BFB3FBE007A6E2A /* Resources */,
				8ADA3DBB6ABA5E3D166C609E /* Embed Pods Frameworks */,
				EE990CE46AFA044FBF8DBA3E /* Copy Pods Resources */,
			);
			buildRules = (
			);
			dependencies = (
			);
			name = JDPopupView;
			productName = JDPopupView;
			productReference = 9604FD491BFB3FBE007A6E2A /* JDPopupView.app */;
			productType = "com.apple.product-type.application";
		};
/* End PBXNativeTarget section */

/* Begin PBXProject section */
		9604FD411BFB3FBE007A6E2A /* Project object */ = {
			isa = PBXProject;
			attributes = {
				LastUpgradeCheck = 0710;
				ORGANIZATIONNAME = "Jason Ding";
				TargetAttributes = {
					9604FD481BFB3FBE007A6E2A = {
						CreatedOnToolsVersion = 7.1;
					};
				};
			};
			buildConfigurationList = 9604FD441BFB3FBE007A6E2A /* Build configuration list for PBXProject "JDPopupView" */;
			compatibilityVersion = "Xcode 3.2";
			developmentRegion = English;
			hasScannedForEncodings = 0;
			knownRegions = (
				en,
				Base,
			);
			mainGroup = 9604FD401BFB3FBE007A6E2A;
			productRefGroup = 9604FD4A1BFB3FBE007A6E2A /* Products */;
			projectDirPath = "";
			projectRoot = "";
			targets = (
				9604FD481BFB3FBE007A6E2A /* JDPopupView */,
			);
		};
/* End PBXProject section */

/* Begin PBXResourcesBuildPhase section */
		9604FD471BFB3FBE007A6E2A /* Resources */ = {
			isa = PBXResourcesBuildPhase;
			buildActionMask = 2147483647;
			files = (
				9604FD5C1BFB3FBE007A6E2A /* LaunchScreen.storyboard in Resources */,
				9604FD591BFB3FBE007A6E2A /* Assets.xcassets in Resources */,
				9604FD571BFB3FBE007A6E2A /* Main.storyboard in Resources */,
			);
			runOnlyForDeploymentPostprocessing = 0;
		};
/* End PBXResourcesBuildPhase section */

/* Begin PBXShellScriptBuildPhase section */
		8ADA3DBB6ABA5E3D166C609E /* Embed Pods Frameworks */ = {
			isa = PBXShellScriptBuildPhase;
			buildActionMask = 2147483647;
			files = (
			);
			inputPaths = (
			);
			name = "Embed Pods Frameworks";
			outputPaths = (
			);
			runOnlyForDeploymentPostprocessing = 0;
			shellPath = /bin/sh;
			shellScript = "\"${SRCROOT}/Pods/Target Support Files/Pods/Pods-frameworks.sh\"\n";
			showEnvVarsInLog = 0;
		};
		8CFB18D8760BB490095E22A2 /* Check Pods Manifest.lock */ = {
			isa = PBXShellScriptBuildPhase;
			buildActionMask = 2147483647;
			files = (
			);
			inputPaths = (
			);
			name = "Check Pods Manifest.lock";
			outputPaths = (
			);
			runOnlyForDeploymentPostprocessing = 0;
			shellPath = /bin/sh;
			shellScript = "diff \"${PODS_ROOT}/../Podfile.lock\" \"${PODS_ROOT}/Manifest.lock\" > /dev/null\nif [[ $? != 0 ]] ; then\n    cat << EOM\nerror: The sandbox is not in sync with the Podfile.lock. Run 'pod install' or update your CocoaPods installation.\nEOM\n    exit 1\nfi\n";
			showEnvVarsInLog = 0;
		};
		EE990CE46AFA044FBF8DBA3E /* Copy Pods Resources */ = {
			isa = PBXShellScriptBuildPhase;
			buildActionMask = 2147483647;
			files = (
			);
			inputPaths = (
			);
			name = "Copy Pods Resources";
			outputPaths = (
			);
			runOnlyForDeploymentPostprocessing = 0;
			shellPath = /bin/sh;
			shellScript = "\"${SRCROOT}/Pods/Target Support Files/Pods/Pods-resources.sh\"\n";
			showEnvVarsInLog = 0;
		};
/* End PBXShellScriptBuildPhase section */

/* Begin PBXSourcesBuildPhase section */
		9604FD451BFB3FBE007A6E2A /* Sources */ = {
			isa = PBXSourcesBuildPhase;
			buildActionMask = 2147483647;
			files = (
				9604FD661BFB4006007A6E2A /* JDPopupWindow.m in Sources */,
				9698CD2F1BFDA4CA002FC079 /* JDAlertView.m in Sources */,
				96A916AC1BFF124D002C38CC /* JDTYAlertView.m in Sources */,
				9698CD351BFDD72E002FC079 /* JDSheetView.m in Sources */,
				9698CD2C1BFDA369002FC079 /* JDPopupItem.m in Sources */,
				9604FD541BFB3FBE007A6E2A /* ViewController.m in Sources */,
				9604FD691BFB4330007A6E2A /* JDPopupCategory.m in Sources */,
				9682E8E91BFC8A8D00D4DC84 /* JDPopupView.m in Sources */,
				9604FD511BFB3FBE007A6E2A /* AppDelegate.m in Sources */,
				9604FD4E1BFB3FBE007A6E2A /* main.m in Sources */,
			);
			runOnlyForDeploymentPostprocessing = 0;
		};
/* End PBXSourcesBuildPhase section */

/* Begin PBXVariantGroup section */
		9604FD551BFB3FBE007A6E2A /* Main.storyboard */ = {
			isa = PBXVariantGroup;
			children = (
				9604FD561BFB3FBE007A6E2A /* Base */,
			);
			name = Main.storyboard;
			sourceTree = "<group>";
		};
		9604FD5A1BFB3FBE007A6E2A /* LaunchScreen.storyboard */ = {
			isa = PBXVariantGroup;
			children = (
				9604FD5B1BFB3FBE007A6E2A /* Base */,
			);
			name = LaunchScreen.storyboard;
			sourceTree = "<group>";
		};
/* End PBXVariantGroup section */

/* Begin XCBuildConfiguration section */
		9604FD5E1BFB3FBE007A6E2A /* Debug */ = {
			isa = XCBuildConfiguration;
			buildSettings = {
				ALWAYS_SEARCH_USER_PATHS = NO;
				CLANG_CXX_LANGUAGE_STANDARD = "gnu++0x";
				CLANG_CXX_LIBRARY = "libc++";
				CLANG_ENABLE_MODULES = YES;
				CLANG_ENABLE_OBJC_ARC = YES;
				CLANG_WARN_BOOL_CONVERSION = YES;
				CLANG_WARN_CONSTANT_CONVERSION = YES;
				CLANG_WARN_DIRECT_OBJC_ISA_USAGE = YES_ERROR;
				CLANG_WARN_EMPTY_BODY = YES;
				CLANG_WARN_ENUM_CONVERSION = YES;
				CLANG_WARN_INT_CONVERSION = YES;
				CLANG_WARN_OBJC_ROOT_CLASS = YES_ERROR;
				CLANG_WARN_UNREACHABLE_CODE = YES;
				CLANG_WARN__DUPLICATE_METHOD_MATCH = YES;
				"CODE_SIGN_IDENTITY[sdk=iphoneos*]" = "iPhone Developer";
				COPY_PHASE_STRIP = NO;
				DEBUG_INFORMATION_FORMAT = dwarf;
				ENABLE_STRICT_OBJC_MSGSEND = YES;
				ENABLE_TESTABILITY = YES;
				GCC_C_LANGUAGE_STANDARD = gnu99;
				GCC_DYNAMIC_NO_PIC = NO;
				GCC_NO_COMMON_BLOCKS = YES;
				GCC_OPTIMIZATION_LEVEL = 0;
				GCC_PREPROCESSOR_DEFINITIONS = (
					"DEBUG=1",
					"$(inherited)",
				);
				GCC_WARN_64_TO_32_BIT_CONVERSION = YES;
				GCC_WARN_ABOUT_RETURN_TYPE = YES_ERROR;
				GCC_WARN_UNDECLARED_SELECTOR = YES;
				GCC_WARN_UNINITIALIZED_AUTOS = YES_AGGRESSIVE;
				GCC_WARN_UNUSED_FUNCTION = YES;
				GCC_WARN_UNUSED_VARIABLE = YES;
				IPHONEOS_DEPLOYMENT_TARGET = 9.1;
				MTL_ENABLE_DEBUG_INFO = YES;
				ONLY_ACTIVE_ARCH = YES;
				SDKROOT = iphoneos;
			};
			name = Debug;
		};
		9604FD5F1BFB3FBE007A6E2A /* Release */ = {
			isa = XCBuildConfiguration;
			buildSettings = {
				ALWAYS_SEARCH_USER_PATHS = NO;
				CLANG_CXX_LANGUAGE_STANDARD = "gnu++0x";
				CLANG_CXX_LIBRARY = "libc++";
				CLANG_ENABLE_MODULES = YES;
				CLANG_ENABLE_OBJC_ARC = YES;
				CLANG_WARN_BOOL_CONVERSION = YES;
				CLANG_WARN_CONSTANT_CONVERSION = YES;
				CLANG_WARN_DIRECT_OBJC_ISA_USAGE = YES_ERROR;
				CLANG_WARN_EMPTY_BODY = YES;
				CLANG_WARN_ENUM_CONVERSION = YES;
				CLANG_WARN_INT_CONVERSION = YES;
				CLANG_WARN_OBJC_ROOT_CLASS = YES_ERROR;
				CLANG_WARN_UNREACHABLE_CODE = YES;
				CLANG_WARN__DUPLICATE_METHOD_MATCH = YES;
				"CODE_SIGN_IDENTITY[sdk=iphoneos*]" = "iPhone Developer";
				COPY_PHASE_STRIP = NO;
				DEBUG_INFORMATION_FORMAT = "dwarf-with-dsym";
				ENABLE_NS_ASSERTIONS = NO;
				ENABLE_STRICT_OBJC_MSGSEND = YES;
				GCC_C_LANGUAGE_STANDARD = gnu99;
				GCC_NO_COMMON_BLOCKS = YES;
				GCC_WARN_64_TO_32_BIT_CONVERSION = YES;
				GCC_WARN_ABOUT_RETURN_TYPE = YES_ERROR;
				GCC_WARN_UNDECLARED_SELECTOR = YES;
				GCC_WARN_UNINITIALIZED_AUTOS = YES_AGGRESSIVE;
				GCC_WARN_UNUSED_FUNCTION = YES;
				GCC_WARN_UNUSED_VARIABLE = YES;
				IPHONEOS_DEPLOYMENT_TARGET = 9.1;
				MTL_ENABLE_DEBUG_INFO = NO;
				SDKROOT = iphoneos;
				VALIDATE_PRODUCT = YES;
			};
			name = Release;
		};
		9604FD611BFB3FBE007A6E2A /* Debug */ = {
			isa = XCBuildConfiguration;
			baseConfigurationReference = 967CDE3A98510225F8009203 /* Pods.debug.xcconfig */;
			buildSettings = {
				ASSETCATALOG_COMPILER_APPICON_NAME = AppIcon;
				INFOPLIST_FILE = JDPopupView/Info.plist;
				IPHONEOS_DEPLOYMENT_TARGET = 6.0;
				LD_RUNPATH_SEARCH_PATHS = "$(inherited) @executable_path/Frameworks";
				PRODUCT_BUNDLE_IDENTIFIER = com.efetion.JDPopupView;
				PRODUCT_NAME = "$(TARGET_NAME)";
			};
			name = Debug;
		};
		9604FD621BFB3FBE007A6E2A /* Release */ = {
			isa = XCBuildConfiguration;
			baseConfigurationReference = 653070E67D96AF6CF339C8B7 /* Pods.release.xcconfig */;
			buildSettings = {
				ASSETCATALOG_COMPILER_APPICON_NAME = AppIcon;
				INFOPLIST_FILE = JDPopupView/Info.plist;
				IPHONEOS_DEPLOYMENT_TARGET = 6.0;
				LD_RUNPATH_SEARCH_PATHS = "$(inherited) @executable_path/Frameworks";
				PRODUCT_BUNDLE_IDENTIFIER = com.efetion.JDPopupView;
				PRODUCT_NAME = "$(TARGET_NAME)";
			};
			name = Release;
		};
/* End XCBuildConfiguration section */

/* Begin XCConfigurationList section */
		9604FD441BFB3FBE007A6E2A /* Build configuration list for PBXProject "JDPopupView" */ = {
			isa = XCConfigurationList;
			buildConfigurations = (
				9604FD5E1BFB3FBE007A6E2A /* Debug */,
				9604FD5F1BFB3FBE007A6E2A /* Release */,
			);
			defaultConfigurationIsVisible = 0;
			defaultConfigurationName = Release;
		};
		9604FD601BFB3FBE007A6E2A /* Build configuration list for PBXNativeTarget "JDPopupView" */ = {
			isa = XCConfigurationList;
			buildConfigurations = (
				9604FD611BFB3FBE007A6E2A /* Debug */,
				9604FD621BFB3FBE007A6E2A /* Release */,
			);
			defaultConfigurationIsVisible = 0;
			defaultConfigurationName = Release;
		};
/* End XCConfigurationList section */
	};
	rootObject = 9604FD411BFB3FBE007A6E2A /* Project object */;
}
